
Microsoft Visual Studio Solution File, Format Version 12.00
# Visual Studio Version 17
VisualStudioVersion = 17.4.33213.308
MinimumVisualStudioVersion = 10.0.40219.1
Project("{FAE04EC0-301F-11D3-BF4B-00C04F79EFBC}") = "LayoutMobile", "LayoutMobile\LayoutMobile.csproj", "{917FECB2-64EB-4E04-939E-FC7B29365E10}"
EndProject
Global
	GlobalSection(SolutionConfigurationPlatforms) = preSolution
		Debug|Any CPU = Debug|Any CPU
		Release|Any CPU = Release|Any CPU
	EndGlobalSection
	GlobalSection(ProjectConfigurationPlatforms) = postSolution
		{917FECB2-64EB-4E04-939E-FC7B29365E10}.Debug|Any CPU.ActiveCfg = Debug|Any CPU
		{917FECB2-64EB-4E04-939E-FC7B29365E10}.Debug|Any CPU.Build.0 = Debug|Any CPU
		{917FECB2-64EB-4E04-939E-FC7B29365E10}.Release|Any CPU.ActiveCfg = Release|Any CPU
		{917FECB2-64EB-4E04-939E-FC7B29365E10}.Release|Any CPU.Build.0 = Release|Any CPU
	EndGlobalSection
	GlobalSection(SolutionProperties) = preSolution
		HideSolutionNode = FALSE
	EndGlobalSection
	GlobalSection(ExtensibilityGlobals) = postSolution
		SolutionGuid = {2A35387B-A6EF-4DA4-8798-079AE2C81B13}
	EndGlobalSection
EndGlobal
